
Microsoft Visual Studio Solution File, Format Version 12.00
# Visual Studio Version 17
VisualStudioVersion = 17.14.36127.28 d17.14
MinimumVisualStudioVersion = 10.0.40219.1
Project("{FAE04EC0-301F-11D3-BF4B-00C04F79EFBC}") = "Oop_Class", "OOP_Class\Oop_Class.csproj", "{D54D51B5-6377-4465-A1B4-B39028DE1B1E}"
EndProject
Global
	GlobalSection(SolutionConfigurationPlatforms) = preSolution
		Debug|Any CPU = Debug|Any CPU
		Release|Any CPU = Release|Any CPU
	EndGlobalSection
	GlobalSection(ProjectConfigurationPlatforms) = postSolution
		{D54D51B5-6377-4465-A1B4-B39028DE1B1E}.Debug|Any CPU.ActiveCfg = Debug|Any CPU
		{D54D51B5-6377-4465-A1B4-B39028DE1B1E}.Debug|Any CPU.Build.0 = Debug|Any CPU
		{D54D51B5-6377-4465-A1B4-B39028DE1B1E}.Release|Any CPU.ActiveCfg = Release|Any CPU
		{D54D51B5-6377-4465-A1B4-B39028DE1B1E}.Release|Any CPU.Build.0 = Release|Any CPU
	EndGlobalSection
	GlobalSection(SolutionProperties) = preSolution
		HideSolutionNode = FALSE
	EndGlobalSection
	GlobalSection(ExtensibilityGlobals) = postSolution
		SolutionGuid = {FF2931D0-B3F2-48AF-8B03-202B3C32D8ED}
	EndGlobalSection
EndGlobal
